
Microsoft Visual Studio Solution File, Format Version 12.00
# Visual Studio Version 17
VisualStudioVersion = 17.6.33829.357
MinimumVisualStudioVersion = 10.0.40219.1
Project("{FAE04EC0-301F-11D3-BF4B-00C04F79EFBC}") = "test", "test\test.csproj", "{B4D35E17-69C9-4B40-9F10-62169FB94A25}"
EndProject
Global
	GlobalSection(SolutionConfigurationPlatforms) = preSolution
		Debug|Any CPU = Debug|Any CPU
		Release|Any CPU = Release|Any CPU
	EndGlobalSection
	GlobalSection(ProjectConfigurationPlatforms) = postSolution
		{B4D35E17-69C9-4B40-9F10-62169FB94A25}.Debug|Any CPU.ActiveCfg = Debug|Any CPU
		{B4D35E17-69C9-4B40-9F10-62169FB94A25}.Debug|Any CPU.Build.0 = Debug|Any CPU
		{B4D35E17-69C9-4B40-9F10-62169FB94A25}.Release|Any CPU.ActiveCfg = Release|Any CPU
		{B4D35E17-69C9-4B40-9F10-62169FB94A25}.Release|Any CPU.Build.0 = Release|Any CPU
	EndGlobalSection
	GlobalSection(SolutionProperties) = preSolution
		HideSolutionNode = FALSE
	EndGlobalSection
	GlobalSection(ExtensibilityGlobals) = postSolution
		SolutionGuid = {C0E14E6A-342B-4C41-BEE1-1BA3DBC00A20}
	EndGlobalSection
EndGlobal
